
Microsoft Visual Studio Solution File, Format Version 12.00
# Visual Studio Version 17
VisualStudioVersion = 17.14.36705.20 d17.14
MinimumVisualStudioVersion = 10.0.40219.1
Project("{FAE04EC0-301F-11D3-BF4B-00C04F79EFBC}") = "Users-CRUD", "Users-CRUD.csproj", "{F8C9B6C3-E869-425D-9E6E-FC1967BDE2B9}"
EndProject
Global
	GlobalSection(SolutionConfigurationPlatforms) = preSolution
		Debug|Any CPU = Debug|Any CPU
		Release|Any CPU = Release|Any CPU
	EndGlobalSection
	GlobalSection(ProjectConfigurationPlatforms) = postSolution
		{F8C9B6C3-E869-425D-9E6E-FC1967BDE2B9}.Debug|Any CPU.ActiveCfg = Debug|Any CPU
		{F8C9B6C3-E869-425D-9E6E-FC1967BDE2B9}.Debug|Any CPU.Build.0 = Debug|Any CPU
		{F8C9B6C3-E869-425D-9E6E-FC1967BDE2B9}.Release|Any CPU.ActiveCfg = Release|Any CPU
		{F8C9B6C3-E869-425D-9E6E-FC1967BDE2B9}.Release|Any CPU.Build.0 = Release|Any CPU
	EndGlobalSection
	GlobalSection(SolutionProperties) = preSolution
		HideSolutionNode = FALSE
	EndGlobalSection
	GlobalSection(ExtensibilityGlobals) = postSolution
		SolutionGuid = {177B063B-B3CD-4071-B175-76DE554198FB}
	EndGlobalSection
EndGlobal
